
Microsoft Visual Studio Solution File, Format Version 12.00
# Visual Studio Version 17
VisualStudioVersion = 17.7.34018.315
MinimumVisualStudioVersion = 10.0.40219.1
Project("{FAE04EC0-301F-11D3-BF4B-00C04F79EFBC}") = "MaHoa", "MaHoa.csproj", "{C8041F60-675D-4EA0-A7D4-9BD5EC0ADDA5}"
EndProject
Global
	GlobalSection(SolutionConfigurationPlatforms) = preSolution
		Debug|Any CPU = Debug|Any CPU
		Release|Any CPU = Release|Any CPU
	EndGlobalSection
	GlobalSection(ProjectConfigurationPlatforms) = postSolution
		{C8041F60-675D-4EA0-A7D4-9BD5EC0ADDA5}.Debug|Any CPU.ActiveCfg = Debug|Any CPU
		{C8041F60-675D-4EA0-A7D4-9BD5EC0ADDA5}.Debug|Any CPU.Build.0 = Debug|Any CPU
		{C8041F60-675D-4EA0-A7D4-9BD5EC0ADDA5}.Release|Any CPU.ActiveCfg = Release|Any CPU
		{C8041F60-675D-4EA0-A7D4-9BD5EC0ADDA5}.Release|Any CPU.Build.0 = Release|Any CPU
	EndGlobalSection
	GlobalSection(SolutionProperties) = preSolution
		HideSolutionNode = FALSE
	EndGlobalSection
	GlobalSection(ExtensibilityGlobals) = postSolution
		SolutionGuid = {4ADD8467-4E9C-42D7-88D8-758476CDD4B2}
	EndGlobalSection
EndGlobal
