
Microsoft Visual Studio Solution File, Format Version 12.00
# Visual Studio Version 16
VisualStudioVersion = 25.0.1706.4
MinimumVisualStudioVersion = 10.0.40219.1
Project("{FAE04EC0-301F-11D3-BF4B-00C04F79EFBC}") = "Exam_NSC_TranThiMaiHien", "Exam_NSC_TranThiMaiHien\Exam_NSC_TranThiMaiHien.csproj", "{A188F19F-6D99-4FEB-B09F-189E3BF14608}"
EndProject
Global
	GlobalSection(SolutionConfigurationPlatforms) = preSolution
		Debug|Any CPU = Debug|Any CPU
		Release|Any CPU = Release|Any CPU
	EndGlobalSection
	GlobalSection(ProjectConfigurationPlatforms) = postSolution
		{A188F19F-6D99-4FEB-B09F-189E3BF14608}.Debug|Any CPU.ActiveCfg = Debug|Any CPU
		{A188F19F-6D99-4FEB-B09F-189E3BF14608}.Debug|Any CPU.Build.0 = Debug|Any CPU
		{A188F19F-6D99-4FEB-B09F-189E3BF14608}.Release|Any CPU.ActiveCfg = Release|Any CPU
		{A188F19F-6D99-4FEB-B09F-189E3BF14608}.Release|Any CPU.Build.0 = Release|Any CPU
	EndGlobalSection
	GlobalSection(SolutionProperties) = preSolution
		HideSolutionNode = FALSE
	EndGlobalSection
	GlobalSection(ExtensibilityGlobals) = postSolution
		SolutionGuid = {9EE31526-9D15-4134-89E1-79B7A685A49F}
	EndGlobalSection
EndGlobal
