
Microsoft Visual Studio Solution File, Format Version 12.00
# Visual Studio Version 17
VisualStudioVersion = 17.7.34018.315
MinimumVisualStudioVersion = 10.0.40219.1
Project("{FAE04EC0-301F-11D3-BF4B-00C04F79EFBC}") = "SHA256", "SHA256.csproj", "{6EF279D4-D886-45D9-8D3D-4E742134DFDA}"
EndProject
Global
	GlobalSection(SolutionConfigurationPlatforms) = preSolution
		Debug|Any CPU = Debug|Any CPU
		Release|Any CPU = Release|Any CPU
	EndGlobalSection
	GlobalSection(ProjectConfigurationPlatforms) = postSolution
		{6EF279D4-D886-45D9-8D3D-4E742134DFDA}.Debug|Any CPU.ActiveCfg = Debug|Any CPU
		{6EF279D4-D886-45D9-8D3D-4E742134DFDA}.Debug|Any CPU.Build.0 = Debug|Any CPU
		{6EF279D4-D886-45D9-8D3D-4E742134DFDA}.Release|Any CPU.ActiveCfg = Release|Any CPU
		{6EF279D4-D886-45D9-8D3D-4E742134DFDA}.Release|Any CPU.Build.0 = Release|Any CPU
	EndGlobalSection
	GlobalSection(SolutionProperties) = preSolution
		HideSolutionNode = FALSE
	EndGlobalSection
	GlobalSection(ExtensibilityGlobals) = postSolution
		SolutionGuid = {C53E941D-7B2B-462E-AEEB-E6E43477BDC3}
	EndGlobalSection
EndGlobal
