
Microsoft Visual Studio Solution File, Format Version 12.00
# Visual Studio Version 17
VisualStudioVersion = 17.5.33530.505
MinimumVisualStudioVersion = 10.0.40219.1
Project("{FAE04EC0-301F-11D3-BF4B-00C04F79EFBC}") = "NSC", "NSC\NSC.csproj", "{88DFB4EE-9A35-4F6B-9F2D-3DCCC7FACD1D}"
EndProject
Global
	GlobalSection(SolutionConfigurationPlatforms) = preSolution
		Debug|Any CPU = Debug|Any CPU
		Release|Any CPU = Release|Any CPU
	EndGlobalSection
	GlobalSection(ProjectConfigurationPlatforms) = postSolution
		{88DFB4EE-9A35-4F6B-9F2D-3DCCC7FACD1D}.Debug|Any CPU.ActiveCfg = Debug|Any CPU
		{88DFB4EE-9A35-4F6B-9F2D-3DCCC7FACD1D}.Debug|Any CPU.Build.0 = Debug|Any CPU
		{88DFB4EE-9A35-4F6B-9F2D-3DCCC7FACD1D}.Release|Any CPU.ActiveCfg = Release|Any CPU
		{88DFB4EE-9A35-4F6B-9F2D-3DCCC7FACD1D}.Release|Any CPU.Build.0 = Release|Any CPU
	EndGlobalSection
	GlobalSection(SolutionProperties) = preSolution
		HideSolutionNode = FALSE
	EndGlobalSection
	GlobalSection(ExtensibilityGlobals) = postSolution
		SolutionGuid = {DAE75038-4140-4DB3-A911-CA4F9C2D075D}
	EndGlobalSection
EndGlobal
